// !$*UTF8*$!
{
	archiveVersion = 1;
	classes = {
	};
	objectVersion = 46;
	objects = {

/* Begin PBXBuildFile section */
		A98588531A0FB22A00D667C6 /* APDBManager.m in Sources */ = {isa = PBXBuildFile; fileRef = A98588521A0FB22A00D667C6 /* APDBManager.m */; };
		A98588551A0FB2D100D667C6 /* libz.dylib in Frameworks */ = {isa = PBXBuildFile; fileRef = A98588541A0FB2D100D667C6 /* libz.dylib */; };
		A98588571A0FB2DD00D667C6 /* libsqlite3.0.dylib in Frameworks */ = {isa = PBXBuildFile; fileRef = A98588561A0FB2DD00D667C6 /* libsqlite3.0.dylib */; };
		A985885A1A0FB49800D667C6 /* APConstants.m in Sources */ = {isa = PBXBuildFile; fileRef = A98588591A0FB49800D667C6 /* APConstants.m */; };
		A985885C1A0FB82900D667C6 /* roma_img@2x.png in Resources */ = {isa = PBXBuildFile; fileRef = A985885B1A0FB82900D667C6 /* roma_img@2x.png */; };
		A98588601A0FB8F700D667C6 /* APSideTableViewCell.m in Sources */ = {isa = PBXBuildFile; fileRef = A985885F1A0FB8F700D667C6 /* APSideTableViewCell.m */; };
		A98588621A0FC1CE00D667C6 /* milano_img@2x.png in Resources */ = {isa = PBXBuildFile; fileRef = A98588611A0FC1CE00D667C6 /* milano_img@2x.png */; };
		A98588641A0FC2A600D667C6 /* numbers.sqlite in Resources */ = {isa = PBXBuildFile; fileRef = A98588631A0FC2A600D667C6 /* numbers.sqlite */; };
		A98588671A0FC9F300D667C6 /* APCityNumber.m in Sources */ = {isa = PBXBuildFile; fileRef = A98588661A0FC9F300D667C6 /* APCityNumber.m */; };
		A985886A1A0FCB3E00D667C6 /* APNumberTableViewCell.m in Sources */ = {isa = PBXBuildFile; fileRef = A98588691A0FCB3E00D667C6 /* APNumberTableViewCell.m */; };
		A9FFE05B19EF081200ED1E35 /* main.m in Sources */ = {isa = PBXBuildFile; fileRef = A9FFE05A19EF081200ED1E35 /* main.m */; };
		A9FFE05E19EF081200ED1E35 /* AppDelegate.m in Sources */ = {isa = PBXBuildFile; fileRef = A9FFE05D19EF081200ED1E35 /* AppDelegate.m */; };
		A9FFE06119EF081200ED1E35 /* ICE_IT.xcdatamodeld in Sources */ = {isa = PBXBuildFile; fileRef = A9FFE05F19EF081200ED1E35 /* ICE_IT.xcdatamodeld */; };
		A9FFE06419EF081200ED1E35 /* MasterViewController.m in Sources */ = {isa = PBXBuildFile; fileRef = A9FFE06319EF081200ED1E35 /* MasterViewController.m */; };
		A9FFE06719EF081200ED1E35 /* DetailViewController.m in Sources */ = {isa = PBXBuildFile; fileRef = A9FFE06619EF081200ED1E35 /* DetailViewController.m */; };
		A9FFE06A19EF081200ED1E35 /* Main.storyboard in Resources */ = {isa = PBXBuildFile; fileRef = A9FFE06819EF081200ED1E35 /* Main.storyboard */; };
		A9FFE06C19EF081200ED1E35 /* Images.xcassets in Resources */ = {isa = PBXBuildFile; fileRef = A9FFE06B19EF081200ED1E35 /* Images.xcassets */; };
		A9FFE06F19EF081200ED1E35 /* LaunchScreen.xib in Resources */ = {isa = PBXBuildFile; fileRef = A9FFE06D19EF081200ED1E35 /* LaunchScreen.xib */; };
		A9FFE07B19EF081200ED1E35 /* ICE_ITTests.m in Sources */ = {isa = PBXBuildFile; fileRef = A9FFE07A19EF081200ED1E35 /* ICE_ITTests.m */; };
		A9FFE09519EF08A100ED1E35 /* ChameleonStatusBar.m in Sources */ = {isa = PBXBuildFile; fileRef = A9FFE08919EF08A100ED1E35 /* ChameleonStatusBar.m */; };
		A9FFE09619EF08A100ED1E35 /* NSArray+Chameleon.m in Sources */ = {isa = PBXBuildFile; fileRef = A9FFE08B19EF08A100ED1E35 /* NSArray+Chameleon.m */; };
		A9FFE09719EF08A100ED1E35 /* UIColor+Chameleon.m in Sources */ = {isa = PBXBuildFile; fileRef = A9FFE08D19EF08A100ED1E35 /* UIColor+Chameleon.m */; };
		A9FFE09819EF08A100ED1E35 /* UIColor+CIELAB.m in Sources */ = {isa = PBXBuildFile; fileRef = A9FFE08F19EF08A100ED1E35 /* UIColor+CIELAB.m */; };
		A9FFE09919EF08A100ED1E35 /* UIViewController+Chameleon.m in Sources */ = {isa = PBXBuildFile; fileRef = A9FFE09119EF08A100ED1E35 /* UIViewController+Chameleon.m */; };
		A9FFE09D19EF0A8900ED1E35 /* SWRevealViewController.m in Sources */ = {isa = PBXBuildFile; fileRef = A9FFE09C19EF0A8900ED1E35 /* SWRevealViewController.m */; };
		A9FFE0A019EF0B7400ED1E35 /* APCityTableMenu.m in Sources */ = {isa = PBXBuildFile; fileRef = A9FFE09F19EF0B7400ED1E35 /* APCityTableMenu.m */; };
/* End PBXBuildFile section */

/* Begin PBXContainerItemProxy section */
		A9FFE07519EF081200ED1E35 /* PBXContainerItemProxy */ = {
			isa = PBXContainerItemProxy;
			containerPortal = A9FFE04D19EF081200ED1E35 /* Project object */;
			proxyType = 1;
			remoteGlobalIDString = A9FFE05419EF081200ED1E35;
			remoteInfo = "ICE-IT";
		};
/* End PBXContainerItemProxy section */

/* Begin PBXFileReference section */
		A98588511A0FB22A00D667C6 /* APDBManager.h */ = {isa = PBXFileReference; fileEncoding = 4; lastKnownFileType = sourcecode.c.h; name = APDBManager.h; path = Model/APDBManager.h; sourceTree = "<group>"; };
		A98588521A0FB22A00D667C6 /* APDBManager.m */ = {isa = PBXFileReference; fileEncoding = 4; lastKnownFileType = sourcecode.c.objc; name = APDBManager.m; path = Model/APDBManager.m; sourceTree = "<group>"; };
		A98588541A0FB2D100D667C6 /* libz.dylib */ = {isa = PBXFileReference; lastKnownFileType = "compiled.mach-o.dylib"; name = libz.dylib; path = usr/lib/libz.dylib; sourceTree = SDKROOT; };
		A98588561A0FB2DD00D667C6 /* libsqlite3.0.dylib */ = {isa = PBXFileReference; lastKnownFileType = "compiled.mach-o.dylib"; name = libsqlite3.0.dylib; path = usr/lib/libsqlite3.0.dylib; sourceTree = SDKROOT; };
		A98588581A0FB49800D667C6 /* APConstants.h */ = {isa = PBXFileReference; fileEncoding = 4; lastKnownFileType = sourcecode.c.h; name = APConstants.h; path = Model/APConstants.h; sourceTree = "<group>"; };
		A98588591A0FB49800D667C6 /* APConstants.m */ = {isa = PBXFileReference; fileEncoding = 4; lastKnownFileType = sourcecode.c.objc; name = APConstants.m; path = Model/APConstants.m; sourceTree = "<group>"; };
		A985885B1A0FB82900D667C6 /* roma_img@2x.png */ = {isa = PBXFileReference; lastKnownFileType = image.png; name = "roma_img@2x.png"; path = "images/roma_img@2x.png"; sourceTree = "<group>"; };
		A985885E1A0FB8F700D667C6 /* APSideTableViewCell.h */ = {isa = PBXFileReference; fileEncoding = 4; lastKnownFileType = sourcecode.c.h; path = APSideTableViewCell.h; sourceTree = "<group>"; };
		A985885F1A0FB8F700D667C6 /* APSideTableViewCell.m */ = {isa = PBXFileReference; fileEncoding = 4; lastKnownFileType = sourcecode.c.objc; path = APSideTableViewCell.m; sourceTree = "<group>"; };
		A98588611A0FC1CE00D667C6 /* milano_img@2x.png */ = {isa = PBXFileReference; lastKnownFileType = image.png; name = "milano_img@2x.png"; path = "images/milano_img@2x.png"; sourceTree = "<group>"; };
		A98588631A0FC2A600D667C6 /* numbers.sqlite */ = {isa = PBXFileReference; lastKnownFileType = file; path = numbers.sqlite; sourceTree = "<group>"; };
		A98588651A0FC9F300D667C6 /* APCityNumber.h */ = {isa = PBXFileReference; fileEncoding = 4; lastKnownFileType = sourcecode.c.h; name = APCityNumber.h; path = Model/APCityNumber.h; sourceTree = "<group>"; };
		A98588661A0FC9F300D667C6 /* APCityNumber.m */ = {isa = PBXFileReference; fileEncoding = 4; lastKnownFileType = sourcecode.c.objc; name = APCityNumber.m; path = Model/APCityNumber.m; sourceTree = "<group>"; };
		A98588681A0FCB3E00D667C6 /* APNumberTableViewCell.h */ = {isa = PBXFileReference; fileEncoding = 4; lastKnownFileType = sourcecode.c.h; path = APNumberTableViewCell.h; sourceTree = "<group>"; };
		A98588691A0FCB3E00D667C6 /* APNumberTableViewCell.m */ = {isa = PBXFileReference; fileEncoding = 4; lastKnownFileType = sourcecode.c.objc; path = APNumberTableViewCell.m; sourceTree = "<group>"; };
		A9FFE05519EF081200ED1E35 /* ICE-IT.app */ = {isa = PBXFileReference; explicitFileType = wrapper.application; includeInIndex = 0; path = "ICE-IT.app"; sourceTree = BUILT_PRODUCTS_DIR; };
		A9FFE05919EF081200ED1E35 /* Info.plist */ = {isa = PBXFileReference; lastKnownFileType = text.plist.xml; path = Info.plist; sourceTree = "<group>"; };
		A9FFE05A19EF081200ED1E35 /* main.m */ = {isa = PBXFileReference; lastKnownFileType = sourcecode.c.objc; path = main.m; sourceTree = "<group>"; };
		A9FFE05C19EF081200ED1E35 /* AppDelegate.h */ = {isa = PBXFileReference; lastKnownFileType = sourcecode.c.h; path = AppDelegate.h; sourceTree = "<group>"; };
		A9FFE05D19EF081200ED1E35 /* AppDelegate.m */ = {isa = PBXFileReference; lastKnownFileType = sourcecode.c.objc; path = AppDelegate.m; sourceTree = "<group>"; };
		A9FFE06019EF081200ED1E35 /* ICE_IT.xcdatamodel */ = {isa = PBXFileReference; lastKnownFileType = wrapper.xcdatamodel; path = ICE_IT.xcdatamodel; sourceTree = "<group>"; };
		A9FFE06219EF081200ED1E35 /* MasterViewController.h */ = {isa = PBXFileReference; lastKnownFileType = sourcecode.c.h; path = MasterViewController.h; sourceTree = "<group>"; };
		A9FFE06319EF081200ED1E35 /* MasterViewController.m */ = {isa = PBXFileReference; lastKnownFileType = sourcecode.c.objc; path = MasterViewController.m; sourceTree = "<group>"; };
		A9FFE06519EF081200ED1E35 /* DetailViewController.h */ = {isa = PBXFileReference; lastKnownFileType = sourcecode.c.h; path = DetailViewController.h; sourceTree = "<group>"; };
		A9FFE06619EF081200ED1E35 /* DetailViewController.m */ = {isa = PBXFileReference; lastKnownFileType = sourcecode.c.objc; path = DetailViewController.m; sourceTree = "<group>"; };
		A9FFE06919EF081200ED1E35 /* Base */ = {isa = PBXFileReference; lastKnownFileType = file.storyboard; name = Base; path = Base.lproj/Main.storyboard; sourceTree = "<group>"; };
		A9FFE06B19EF081200ED1E35 /* Images.xcassets */ = {isa = PBXFileReference; lastKnownFileType = folder.assetcatalog; path = Images.xcassets; sourceTree = "<group>"; };
		A9FFE06E19EF081200ED1E35 /* Base */ = {isa = PBXFileReference; lastKnownFileType = file.xib; name = Base; path = Base.lproj/LaunchScreen.xib; sourceTree = "<group>"; };
		A9FFE07419EF081200ED1E35 /* ICE-ITTests.xctest */ = {isa = PBXFileReference; explicitFileType = wrapper.cfbundle; includeInIndex = 0; path = "ICE-ITTests.xctest"; sourceTree = BUILT_PRODUCTS_DIR; };
		A9FFE07919EF081200ED1E35 /* Info.plist */ = {isa = PBXFileReference; lastKnownFileType = text.plist.xml; path = Info.plist; sourceTree = "<group>"; };
		A9FFE07A19EF081200ED1E35 /* ICE_ITTests.m */ = {isa = PBXFileReference; lastKnownFileType = sourcecode.c.objc; path = ICE_ITTests.m; sourceTree = "<group>"; };
		A9FFE08619EF08A100ED1E35 /* Chameleon.h */ = {isa = PBXFileReference; fileEncoding = 4; lastKnownFileType = sourcecode.c.h; path = Chameleon.h; sourceTree = "<group>"; };
		A9FFE08719EF08A100ED1E35 /* ChameleonMacros.h */ = {isa = PBXFileReference; fileEncoding = 4; lastKnownFileType = sourcecode.c.h; path = ChameleonMacros.h; sourceTree = "<group>"; };
		A9FFE08819EF08A100ED1E35 /* ChameleonStatusBar.h */ = {isa = PBXFileReference; fileEncoding = 4; lastKnownFileType = sourcecode.c.h; path = ChameleonStatusBar.h; sourceTree = "<group>"; };
		A9FFE08919EF08A100ED1E35 /* ChameleonStatusBar.m */ = {isa = PBXFileReference; fileEncoding = 4; lastKnownFileType = sourcecode.c.objc; path = ChameleonStatusBar.m; sourceTree = "<group>"; };
		A9FFE08A19EF08A100ED1E35 /* NSArray+Chameleon.h */ = {isa = PBXFileReference; fileEncoding = 4; lastKnownFileType = sourcecode.c.h; path = "NSArray+Chameleon.h"; sourceTree = "<group>"; };
		A9FFE08B19EF08A100ED1E35 /* NSArray+Chameleon.m */ = {isa = PBXFileReference; fileEncoding = 4; lastKnownFileType = sourcecode.c.objc; path = "NSArray+Chameleon.m"; sourceTree = "<group>"; };
		A9FFE08C19EF08A100ED1E35 /* UIColor+Chameleon.h */ = {isa = PBXFileReference; fileEncoding = 4; lastKnownFileType = sourcecode.c.h; path = "UIColor+Chameleon.h"; sourceTree = "<group>"; };
		A9FFE08D19EF08A100ED1E35 /* UIColor+Chameleon.m */ = {isa = PBXFileReference; fileEncoding = 4; lastKnownFileType = sourcecode.c.objc; path = "UIColor+Chameleon.m"; sourceTree = "<group>"; };
		A9FFE08E19EF08A100ED1E35 /* UIColor+CIELAB.h */ = {isa = PBXFileReference; fileEncoding = 4; lastKnownFileType = sourcecode.c.h; path = "UIColor+CIELAB.h"; sourceTree = "<group>"; };
		A9FFE08F19EF08A100ED1E35 /* UIColor+CIELAB.m */ = {isa = PBXFileReference; fileEncoding = 4; lastKnownFileType = sourcecode.c.objc; path = "UIColor+CIELAB.m"; sourceTree = "<group>"; };
		A9FFE09019EF08A100ED1E35 /* UIViewController+Chameleon.h */ = {isa = PBXFileReference; fileEncoding = 4; lastKnownFileType = sourcecode.c.h; path = "UIViewController+Chameleon.h"; sourceTree = "<group>"; };
		A9FFE09119EF08A100ED1E35 /* UIViewController+Chameleon.m */ = {isa = PBXFileReference; fileEncoding = 4; lastKnownFileType = sourcecode.c.objc; path = "UIViewController+Chameleon.m"; sourceTree = "<group>"; };
		A9FFE09B19EF0A8900ED1E35 /* SWRevealViewController.h */ = {isa = PBXFileReference; fileEncoding = 4; lastKnownFileType = sourcecode.c.h; path = SWRevealViewController.h; sourceTree = "<group>"; };
		A9FFE09C19EF0A8900ED1E35 /* SWRevealViewController.m */ = {isa = PBXFileReference; fileEncoding = 4; lastKnownFileType = sourcecode.c.objc; path = SWRevealViewController.m; sourceTree = "<group>"; };
		A9FFE09E19EF0B7400ED1E35 /* APCityTableMenu.h */ = {isa = PBXFileReference; fileEncoding = 4; lastKnownFileType = sourcecode.c.h; path = APCityTableMenu.h; sourceTree = "<group>"; };
		A9FFE09F19EF0B7400ED1E35 /* APCityTableMenu.m */ = {isa = PBXFileReference; fileEncoding = 4; lastKnownFileType = sourcecode.c.objc; path = APCityTableMenu.m; sourceTree = "<group>"; };
/* End PBXFileReference section */

/* Begin PBXFrameworksBuildPhase section */
		A9FFE05219EF081200ED1E35 /* Frameworks */ = {
			isa = PBXFrameworksBuildPhase;
			buildActionMask = 2147483647;
			files = (
				A98588571A0FB2DD00D667C6 /* libsqlite3.0.dylib in Frameworks */,
				A98588551A0FB2D100D667C6 /* libz.dylib in Frameworks */,
			);
			runOnlyForDeploymentPostprocessing = 0;
		};
		A9FFE07119EF081200ED1E35 /* Frameworks */ = {
			isa = PBXFrameworksBuildPhase;
			buildActionMask = 2147483647;
			files = (
			);
			runOnlyForDeploymentPostprocessing = 0;
		};
/* End PBXFrameworksBuildPhase section */

/* Begin PBXGroup section */
		A98588501A0FB18A00D667C6 /* Model */ = {
			isa = PBXGroup;
			children = (
				A98588511A0FB22A00D667C6 /* APDBManager.h */,
				A98588521A0FB22A00D667C6 /* APDBManager.m */,
				A98588581A0FB49800D667C6 /* APConstants.h */,
				A98588591A0FB49800D667C6 /* APConstants.m */,
				A98588651A0FC9F300D667C6 /* APCityNumber.h */,
				A98588661A0FC9F300D667C6 /* APCityNumber.m */,
			);
			name = Model;
			sourceTree = "<group>";
		};
		A985885D1A0FB83400D667C6 /* images */ = {
			isa = PBXGroup;
			children = (
				A98588611A0FC1CE00D667C6 /* milano_img@2x.png */,
				A985885B1A0FB82900D667C6 /* roma_img@2x.png */,
			);
			name = images;
			sourceTree = "<group>";
		};
		A9FFE04C19EF081200ED1E35 = {
			isa = PBXGroup;
			children = (
				A98588561A0FB2DD00D667C6 /* libsqlite3.0.dylib */,
				A98588541A0FB2D100D667C6 /* libz.dylib */,
				A9FFE05719EF081200ED1E35 /* ICE-IT */,
				A9FFE07719EF081200ED1E35 /* ICE-ITTests */,
				A9FFE05619EF081200ED1E35 /* Products */,
			);
			sourceTree = "<group>";
		};
		A9FFE05619EF081200ED1E35 /* Products */ = {
			isa = PBXGroup;
			children = (
				A9FFE05519EF081200ED1E35 /* ICE-IT.app */,
				A9FFE07419EF081200ED1E35 /* ICE-ITTests.xctest */,
			);
			name = Products;
			sourceTree = "<group>";
		};
		A9FFE05719EF081200ED1E35 /* ICE-IT */ = {
			isa = PBXGroup;
			children = (
				A98588631A0FC2A600D667C6 /* numbers.sqlite */,
				A985885D1A0FB83400D667C6 /* images */,
				A98588501A0FB18A00D667C6 /* Model */,
				A9FFE08419EF08A100ED1E35 /* View */,
				A9FFE05C19EF081200ED1E35 /* AppDelegate.h */,
				A9FFE05D19EF081200ED1E35 /* AppDelegate.m */,
				A9FFE06219EF081200ED1E35 /* MasterViewController.h */,
				A9FFE06319EF081200ED1E35 /* MasterViewController.m */,
				A9FFE06519EF081200ED1E35 /* DetailViewController.h */,
				A9FFE06619EF081200ED1E35 /* DetailViewController.m */,
				A9FFE09E19EF0B7400ED1E35 /* APCityTableMenu.h */,
				A9FFE09F19EF0B7400ED1E35 /* APCityTableMenu.m */,
				A9FFE06819EF081200ED1E35 /* Main.storyboard */,
				A9FFE06B19EF081200ED1E35 /* Images.xcassets */,
				A9FFE06D19EF081200ED1E35 /* LaunchScreen.xib */,
				A9FFE05F19EF081200ED1E35 /* ICE_IT.xcdatamodeld */,
				A9FFE05819EF081200ED1E35 /* Supporting Files */,
			);
			path = "ICE-IT";
			sourceTree = "<group>";
		};
		A9FFE05819EF081200ED1E35 /* Supporting Files */ = {
			isa = PBXGroup;
			children = (
				A9FFE05919EF081200ED1E35 /* Info.plist */,
				A9FFE05A19EF081200ED1E35 /* main.m */,
			);
			name = "Supporting Files";
			sourceTree = "<group>";
		};
		A9FFE07719EF081200ED1E35 /* ICE-ITTests */ = {
			isa = PBXGroup;
			children = (
				A9FFE07A19EF081200ED1E35 /* ICE_ITTests.m */,
				A9FFE07819EF081200ED1E35 /* Supporting Files */,
			);
			path = "ICE-ITTests";
			sourceTree = "<group>";
		};
		A9FFE07819EF081200ED1E35 /* Supporting Files */ = {
			isa = PBXGroup;
			children = (
				A9FFE07919EF081200ED1E35 /* Info.plist */,
			);
			name = "Supporting Files";
			sourceTree = "<group>";
		};
		A9FFE08419EF08A100ED1E35 /* View */ = {
			isa = PBXGroup;
			children = (
				A9FFE08519EF08A100ED1E35 /* Chameleon */,
				A9FFE09219EF08A100ED1E35 /* SideViewC */,
				A985885E1A0FB8F700D667C6 /* APSideTableViewCell.h */,
				A985885F1A0FB8F700D667C6 /* APSideTableViewCell.m */,
				A98588681A0FCB3E00D667C6 /* APNumberTableViewCell.h */,
				A98588691A0FCB3E00D667C6 /* APNumberTableViewCell.m */,
			);
			path = View;
			sourceTree = "<group>";
		};
		A9FFE08519EF08A100ED1E35 /* Chameleon */ = {
			isa = PBXGroup;
			children = (
				A9FFE08619EF08A100ED1E35 /* Chameleon.h */,
				A9FFE08719EF08A100ED1E35 /* ChameleonMacros.h */,
				A9FFE08819EF08A100ED1E35 /* ChameleonStatusBar.h */,
				A9FFE08919EF08A100ED1E35 /* ChameleonStatusBar.m */,
				A9FFE08A19EF08A100ED1E35 /* NSArray+Chameleon.h */,
				A9FFE08B19EF08A100ED1E35 /* NSArray+Chameleon.m */,
				A9FFE08C19EF08A100ED1E35 /* UIColor+Chameleon.h */,
				A9FFE08D19EF08A100ED1E35 /* UIColor+Chameleon.m */,
				A9FFE08E19EF08A100ED1E35 /* UIColor+CIELAB.h */,
				A9FFE08F19EF08A100ED1E35 /* UIColor+CIELAB.m */,
				A9FFE09019EF08A100ED1E35 /* UIViewController+Chameleon.h */,
				A9FFE09119EF08A100ED1E35 /* UIViewController+Chameleon.m */,
			);
			path = Chameleon;
			sourceTree = "<group>";
		};
		A9FFE09219EF08A100ED1E35 /* SideViewC */ = {
			isa = PBXGroup;
			children = (
				A9FFE09B19EF0A8900ED1E35 /* SWRevealViewController.h */,
				A9FFE09C19EF0A8900ED1E35 /* SWRevealViewController.m */,
			);
			path = SideViewC;
			sourceTree = "<group>";
		};
/* End PBXGroup section */

/* Begin PBXNativeTarget section */
		A9FFE05419EF081200ED1E35 /* ICE-IT */ = {
			isa = PBXNativeTarget;
			buildConfigurationList = A9FFE07E19EF081200ED1E35 /* Build configuration list for PBXNativeTarget "ICE-IT" */;
			buildPhases = (
				A9FFE05119EF081200ED1E35 /* Sources */,
				A9FFE05219EF081200ED1E35 /* Frameworks */,
				A9FFE05319EF081200ED1E35 /* Resources */,
			);
			buildRules = (
			);
			dependencies = (
			);
			name = "ICE-IT";
			productName = "ICE-IT";
			productReference = A9FFE05519EF081200ED1E35 /* ICE-IT.app */;
			productType = "com.apple.product-type.application";
		};
		A9FFE07319EF081200ED1E35 /* ICE-ITTests */ = {
			isa = PBXNativeTarget;
			buildConfigurationList = A9FFE08119EF081200ED1E35 /* Build configuration list for PBXNativeTarget "ICE-ITTests" */;
			buildPhases = (
				A9FFE07019EF081200ED1E35 /* Sources */,
				A9FFE07119EF081200ED1E35 /* Frameworks */,
				A9FFE07219EF081200ED1E35 /* Resources */,
			);
			buildRules = (
			);
			dependencies = (
				A9FFE07619EF081200ED1E35 /* PBXTargetDependency */,
			);
			name = "ICE-ITTests";
			productName = "ICE-ITTests";
			productReference = A9FFE07419EF081200ED1E35 /* ICE-ITTests.xctest */;
			productType = "com.apple.product-type.bundle.unit-test";
		};
/* End PBXNativeTarget section */

/* Begin PBXProject section */
		A9FFE04D19EF081200ED1E35 /* Project object */ = {
			isa = PBXProject;
			attributes = {
				LastUpgradeCheck = 0600;
				ORGANIZATIONNAME = "Andi Palo";
				TargetAttributes = {
					A9FFE05419EF081200ED1E35 = {
						CreatedOnToolsVersion = 6.0.1;
					};
					A9FFE07319EF081200ED1E35 = {
						CreatedOnToolsVersion = 6.0.1;
						TestTargetID = A9FFE05419EF081200ED1E35;
					};
				};
			};
			buildConfigurationList = A9FFE05019EF081200ED1E35 /* Build configuration list for PBXProject "ICE-IT" */;
			compatibilityVersion = "Xcode 3.2";
			developmentRegion = English;
			hasScannedForEncodings = 0;
			knownRegions = (
				en,
				Base,
			);
			mainGroup = A9FFE04C19EF081200ED1E35;
			productRefGroup = A9FFE05619EF081200ED1E35 /* Products */;
			projectDirPath = "";
			projectRoot = "";
			targets = (
				A9FFE05419EF081200ED1E35 /* ICE-IT */,
				A9FFE07319EF081200ED1E35 /* ICE-ITTests */,
			);
		};
/* End PBXProject section */

/* Begin PBXResourcesBuildPhase section */
		A9FFE05319EF081200ED1E35 /* Resources */ = {
			isa = PBXResourcesBuildPhase;
			buildActionMask = 2147483647;
			files = (
				A98588621A0FC1CE00D667C6 /* milano_img@2x.png in Resources */,
				A9FFE06A19EF081200ED1E35 /* Main.storyboard in Resources */,
				A9FFE06F19EF081200ED1E35 /* LaunchScreen.xib in Resources */,
				A9FFE06C19EF081200ED1E35 /* Images.xcassets in Resources */,
				A98588641A0FC2A600D667C6 /* numbers.sqlite in Resources */,
				A985885C1A0FB82900D667C6 /* roma_img@2x.png in Resources */,
			);
			runOnlyForDeploymentPostprocessing = 0;
		};
		A9FFE07219EF081200ED1E35 /* Resources */ = {
			isa = PBXResourcesBuildPhase;
			buildActionMask = 2147483647;
			files = (
			);
			runOnlyForDeploymentPostprocessing = 0;
		};
/* End PBXResourcesBuildPhase section */

/* Begin PBXSourcesBuildPhase section */
		A9FFE05119EF081200ED1E35 /* Sources */ = {
			isa = PBXSourcesBuildPhase;
			buildActionMask = 2147483647;
			files = (
				A98588601A0FB8F700D667C6 /* APSideTableViewCell.m in Sources */,
				A9FFE06719EF081200ED1E35 /* DetailViewController.m in Sources */,
				A98588531A0FB22A00D667C6 /* APDBManager.m in Sources */,
				A9FFE09819EF08A100ED1E35 /* UIColor+CIELAB.m in Sources */,
				A9FFE06419EF081200ED1E35 /* MasterViewController.m in Sources */,
				A9FFE09719EF08A100ED1E35 /* UIColor+Chameleon.m in Sources */,
				A9FFE09519EF08A100ED1E35 /* ChameleonStatusBar.m in Sources */,
				A9FFE09919EF08A100ED1E35 /* UIViewController+Chameleon.m in Sources */,
				A985886A1A0FCB3E00D667C6 /* APNumberTableViewCell.m in Sources */,
				A9FFE05E19EF081200ED1E35 /* AppDelegate.m in Sources */,
				A985885A1A0FB49800D667C6 /* APConstants.m in Sources */,
				A9FFE06119EF081200ED1E35 /* ICE_IT.xcdatamodeld in Sources */,
				A9FFE09D19EF0A8900ED1E35 /* SWRevealViewController.m in Sources */,
				A98588671A0FC9F300D667C6 /* APCityNumber.m in Sources */,
				A9FFE05B19EF081200ED1E35 /* main.m in Sources */,
				A9FFE09619EF08A100ED1E35 /* NSArray+Chameleon.m in Sources */,
				A9FFE0A019EF0B7400ED1E35 /* APCityTableMenu.m in Sources */,
			);
			runOnlyForDeploymentPostprocessing = 0;
		};
		A9FFE07019EF081200ED1E35 /* Sources */ = {
			isa = PBXSourcesBuildPhase;
			buildActionMask = 2147483647;
			files = (
				A9FFE07B19EF081200ED1E35 /* ICE_ITTests.m in Sources */,
			);
			runOnlyForDeploymentPostprocessing = 0;
		};
/* End PBXSourcesBuildPhase section */

/* Begin PBXTargetDependency section */
		A9FFE07619EF081200ED1E35 /* PBXTargetDependency */ = {
			isa = PBXTargetDependency;
			target = A9FFE05419EF081200ED1E35 /* ICE-IT */;
			targetProxy = A9FFE07519EF081200ED1E35 /* PBXContainerItemProxy */;
		};
/* End PBXTargetDependency section */

/* Begin PBXVariantGroup section */
		A9FFE06819EF081200ED1E35 /* Main.storyboard */ = {
			isa = PBXVariantGroup;
			children = (
				A9FFE06919EF081200ED1E35 /* Base */,
			);
			name = Main.storyboard;
			sourceTree = "<group>";
		};
		A9FFE06D19EF081200ED1E35 /* LaunchScreen.xib */ = {
			isa = PBXVariantGroup;
			children = (
				A9FFE06E19EF081200ED1E35 /* Base */,
			);
			name = LaunchScreen.xib;
			sourceTree = "<group>";
		};
/* End PBXVariantGroup section */

/* Begin XCBuildConfiguration section */
		A9FFE07C19EF081200ED1E35 /* Debug */ = {
			isa = XCBuildConfiguration;
			buildSettings = {
				ALWAYS_SEARCH_USER_PATHS = NO;
				CLANG_CXX_LANGUAGE_STANDARD = "gnu++0x";
				CLANG_CXX_LIBRARY = "libc++";
				CLANG_ENABLE_MODULES = YES;
				CLANG_ENABLE_OBJC_ARC = YES;
				CLANG_WARN_BOOL_CONVERSION = YES;
				CLANG_WARN_CONSTANT_CONVERSION = YES;
				CLANG_WARN_DIRECT_OBJC_ISA_USAGE = YES_ERROR;
				CLANG_WARN_EMPTY_BODY = YES;
				CLANG_WARN_ENUM_CONVERSION = YES;
				CLANG_WARN_INT_CONVERSION = YES;
				CLANG_WARN_OBJC_ROOT_CLASS = YES_ERROR;
				CLANG_WARN_UNREACHABLE_CODE = YES;
				CLANG_WARN__DUPLICATE_METHOD_MATCH = YES;
				"CODE_SIGN_IDENTITY[sdk=iphoneos*]" = "iPhone Developer";
				COPY_PHASE_STRIP = NO;
				ENABLE_STRICT_OBJC_MSGSEND = YES;
				GCC_C_LANGUAGE_STANDARD = gnu99;
				GCC_DYNAMIC_NO_PIC = NO;
				GCC_OPTIMIZATION_LEVEL = 0;
				GCC_PREPROCESSOR_DEFINITIONS = (
					"DEBUG=1",
					"$(inherited)",
				);
				GCC_SYMBOLS_PRIVATE_EXTERN = NO;
				GCC_WARN_64_TO_32_BIT_CONVERSION = YES;
				GCC_WARN_ABOUT_RETURN_TYPE = YES_ERROR;
				GCC_WARN_UNDECLARED_SELECTOR = YES;
				GCC_WARN_UNINITIALIZED_AUTOS = YES_AGGRESSIVE;
				GCC_WARN_UNUSED_FUNCTION = YES;
				GCC_WARN_UNUSED_VARIABLE = YES;
				IPHONEOS_DEPLOYMENT_TARGET = 8.0;
				MTL_ENABLE_DEBUG_INFO = YES;
				ONLY_ACTIVE_ARCH = YES;
				SDKROOT = iphoneos;
			};
			name = Debug;
		};
		A9FFE07D19EF081200ED1E35 /* Release */ = {
			isa = XCBuildConfiguration;
			buildSettings = {
				ALWAYS_SEARCH_USER_PATHS = NO;
				CLANG_CXX_LANGUAGE_STANDARD = "gnu++0x";
				CLANG_CXX_LIBRARY = "libc++";
				CLANG_ENABLE_MODULES = YES;
				CLANG_ENABLE_OBJC_ARC = YES;
				CLANG_WARN_BOOL_CONVERSION = YES;
				CLANG_WARN_CONSTANT_CONVERSION = YES;
				CLANG_WARN_DIRECT_OBJC_ISA_USAGE = YES_ERROR;
				CLANG_WARN_EMPTY_BODY = YES;
				CLANG_WARN_ENUM_CONVERSION = YES;
				CLANG_WARN_INT_CONVERSION = YES;
				CLANG_WARN_OBJC_ROOT_CLASS = YES_ERROR;
				CLANG_WARN_UNREACHABLE_CODE = YES;
				CLANG_WARN__DUPLICATE_METHOD_MATCH = YES;
				"CODE_SIGN_IDENTITY[sdk=iphoneos*]" = "iPhone Developer";
				COPY_PHASE_STRIP = YES;
				ENABLE_NS_ASSERTIONS = NO;
				ENABLE_STRICT_OBJC_MSGSEND = YES;
				GCC_C_LANGUAGE_STANDARD = gnu99;
				GCC_WARN_64_TO_32_BIT_CONVERSION = YES;
				GCC_WARN_ABOUT_RETURN_TYPE = YES_ERROR;
				GCC_WARN_UNDECLARED_SELECTOR = YES;
				GCC_WARN_UNINITIALIZED_AUTOS = YES_AGGRESSIVE;
				GCC_WARN_UNUSED_FUNCTION = YES;
				GCC_WARN_UNUSED_VARIABLE = YES;
				IPHONEOS_DEPLOYMENT_TARGET = 8.0;
				MTL_ENABLE_DEBUG_INFO = NO;
				SDKROOT = iphoneos;
				VALIDATE_PRODUCT = YES;
			};
			name = Release;
		};
		A9FFE07F19EF081200ED1E35 /* Debug */ = {
			isa = XCBuildConfiguration;
			buildSettings = {
				ASSETCATALOG_COMPILER_APPICON_NAME = AppIcon;
				INFOPLIST_FILE = "ICE-IT/Info.plist";
				LD_RUNPATH_SEARCH_PATHS = "$(inherited) @executable_path/Frameworks";
				PRODUCT_NAME = "$(TARGET_NAME)";
			};
			name = Debug;
		};
		A9FFE08019EF081200ED1E35 /* Release */ = {
			isa = XCBuildConfiguration;
			buildSettings = {
				ASSETCATALOG_COMPILER_APPICON_NAME = AppIcon;
				INFOPLIST_FILE = "ICE-IT/Info.plist";
				LD_RUNPATH_SEARCH_PATHS = "$(inherited) @executable_path/Frameworks";
				PRODUCT_NAME = "$(TARGET_NAME)";
			};
			name = Release;
		};
		A9FFE08219EF081200ED1E35 /* Debug */ = {
			isa = XCBuildConfiguration;
			buildSettings = {
				BUNDLE_LOADER = "$(TEST_HOST)";
				FRAMEWORK_SEARCH_PATHS = (
					"$(SDKROOT)/Developer/Library/Frameworks",
					"$(inherited)",
				);
				GCC_PREPROCESSOR_DEFINITIONS = (
					"DEBUG=1",
					"$(inherited)",
				);
				INFOPLIST_FILE = "ICE-ITTests/Info.plist";
				LD_RUNPATH_SEARCH_PATHS = "$(inherited) @executable_path/Frameworks @loader_path/Frameworks";
				PRODUCT_NAME = "$(TARGET_NAME)";
				TEST_HOST = "$(BUILT_PRODUCTS_DIR)/ICE-IT.app/ICE-IT";
			};
			name = Debug;
		};
		A9FFE08319EF081200ED1E35 /* Release */ = {
			isa = XCBuildConfiguration;
			buildSettings = {
				BUNDLE_LOADER = "$(TEST_HOST)";
				FRAMEWORK_SEARCH_PATHS = (
					"$(SDKROOT)/Developer/Library/Frameworks",
					"$(inherited)",
				);
				INFOPLIST_FILE = "ICE-ITTests/Info.plist";
				LD_RUNPATH_SEARCH_PATHS = "$(inherited) @executable_path/Frameworks @loader_path/Frameworks";
				PRODUCT_NAME = "$(TARGET_NAME)";
				TEST_HOST = "$(BUILT_PRODUCTS_DIR)/ICE-IT.app/ICE-IT";
			};
			name = Release;
		};
/* End XCBuildConfiguration section */

/* Begin XCConfigurationList section */
		A9FFE05019EF081200ED1E35 /* Build configuration list for PBXProject "ICE-IT" */ = {
			isa = XCConfigurationList;
			buildConfigurations = (
				A9FFE07C19EF081200ED1E35 /* Debug */,
				A9FFE07D19EF081200ED1E35 /* Release */,
			);
			defaultConfigurationIsVisible = 0;
			defaultConfigurationName = Release;
		};
		A9FFE07E19EF081200ED1E35 /* Build configuration list for PBXNativeTarget "ICE-IT" */ = {
			isa = XCConfigurationList;
			buildConfigurations = (
				A9FFE07F19EF081200ED1E35 /* Debug */,
				A9FFE08019EF081200ED1E35 /* Release */,
			);
			defaultConfigurationIsVisible = 0;
			defaultConfigurationName = Release;
		};
		A9FFE08119EF081200ED1E35 /* Build configuration list for PBXNativeTarget "ICE-ITTests" */ = {
			isa = XCConfigurationList;
			buildConfigurations = (
				A9FFE08219EF081200ED1E35 /* Debug */,
				A9FFE08319EF081200ED1E35 /* Release */,
			);
			defaultConfigurationIsVisible = 0;
			defaultConfigurationName = Release;
		};
/* End XCConfigurationList section */

/* Begin XCVersionGroup section */
		A9FFE05F19EF081200ED1E35 /* ICE_IT.xcdatamodeld */ = {
			isa = XCVersionGroup;
			children = (
				A9FFE06019EF081200ED1E35 /* ICE_IT.xcdatamodel */,
			);
			currentVersion = A9FFE06019EF081200ED1E35 /* ICE_IT.xcdatamodel */;
			path = ICE_IT.xcdatamodeld;
			sourceTree = "<group>";
			versionGroupType = wrapper.xcdatamodel;
		};
/* End XCVersionGroup section */
	};
	rootObject = A9FFE04D19EF081200ED1E35 /* Project object */;
}
